
Microsoft Visual Studio Solution File, Format Version 12.00
# Visual Studio 15
VisualStudioVersion = 15.0.27004.2005
MinimumVisualStudioVersion = 10.0.40219.1
Project("{9A19103F-16F7-4668-BE54-9A1E7A4F7556}") = "AngularWebpackVisualStudio", "src\AngularWebpackVisualStudio\AngularWebpackVisualStudio.csproj", "{40085317-5EE8-4719-A90B-22BD9685B7A7}"
EndProject
Project("{2150E333-8FDC-42A3-9474-1A3956D46DE8}") = "Solution Items", "Solution Items", "{23B1A0C4-07DB-4A9C-9FDE-7CF33321DE87}"
	ProjectSection(SolutionItems) = preProject
		appveyor.yml = appveyor.yml
		CHANGELOG.md = CHANGELOG.md
		README.md = README.md
	EndProjectSection
EndProject
Project("{2150E333-8FDC-42A3-9474-1A3956D46DE8}") = "tests", "tests", "{262E4648-178C-4184-A629-47B09F3C426D}"
EndProject
Project("{9A19103F-16F7-4668-BE54-9A1E7A4F7556}") = "AngularWebpackVisualStudio_Tests", "tests\AngularWebpackVisualStudio_Tests\AngularWebpackVisualStudio_Tests.csproj", "{B51B6236-C279-42C0-B7CE-234F6D5690BD}"
EndProject
Global
	GlobalSection(SolutionConfigurationPlatforms) = preSolution
		Debug|Any CPU = Debug|Any CPU
		Debug|x64 = Debug|x64
		Debug|x86 = Debug|x86
		Release|Any CPU = Release|Any CPU
		Release|x64 = Release|x64
		Release|x86 = Release|x86
	EndGlobalSection
	GlobalSection(ProjectConfigurationPlatforms) = postSolution
		{40085317-5EE8-4719-A90B-22BD9685B7A7}.Debug|Any CPU.ActiveCfg = Debug|Any CPU
		{40085317-5EE8-4719-A90B-22BD9685B7A7}.Debug|Any CPU.Build.0 = Debug|Any CPU
		{40085317-5EE8-4719-A90B-22BD9685B7A7}.Debug|x64.ActiveCfg = Debug|Any CPU
		{40085317-5EE8-4719-A90B-22BD9685B7A7}.Debug|x64.Build.0 = Debug|Any CPU
		{40085317-5EE8-4719-A90B-22BD9685B7A7}.Debug|x86.ActiveCfg = Debug|Any CPU
		{40085317-5EE8-4719-A90B-22BD9685B7A7}.Debug|x86.Build.0 = Debug|Any CPU
		{40085317-5EE8-4719-A90B-22BD9685B7A7}.Release|Any CPU.ActiveCfg = Release|Any CPU
		{40085317-5EE8-4719-A90B-22BD9685B7A7}.Release|Any CPU.Build.0 = Release|Any CPU
		{40085317-5EE8-4719-A90B-22BD9685B7A7}.Release|x64.ActiveCfg = Release|Any CPU
		{40085317-5EE8-4719-A90B-22BD9685B7A7}.Release|x64.Build.0 = Release|Any CPU
		{40085317-5EE8-4719-A90B-22BD9685B7A7}.Release|x86.ActiveCfg = Release|Any CPU
		{40085317-5EE8-4719-A90B-22BD9685B7A7}.Release|x86.Build.0 = Release|Any CPU
		{B51B6236-C279-42C0-B7CE-234F6D5690BD}.Debug|Any CPU.ActiveCfg = Debug|Any CPU
		{B51B6236-C279-42C0-B7CE-234F6D5690BD}.Debug|Any CPU.Build.0 = Debug|Any CPU
		{B51B6236-C279-42C0-B7CE-234F6D5690BD}.Debug|x64.ActiveCfg = Debug|Any CPU
		{B51B6236-C279-42C0-B7CE-234F6D5690BD}.Debug|x64.Build.0 = Debug|Any CPU
		{B51B6236-C279-42C0-B7CE-234F6D5690BD}.Debug|x86.ActiveCfg = Debug|Any CPU
		{B51B6236-C279-42C0-B7CE-234F6D5690BD}.Debug|x86.Build.0 = Debug|Any CPU
		{B51B6236-C279-42C0-B7CE-234F6D5690BD}.Release|Any CPU.ActiveCfg = Release|Any CPU
		{B51B6236-C279-42C0-B7CE-234F6D5690BD}.Release|Any CPU.Build.0 = Release|Any CPU
		{B51B6236-C279-42C0-B7CE-234F6D5690BD}.Release|x64.ActiveCfg = Release|Any CPU
		{B51B6236-C279-42C0-B7CE-234F6D5690BD}.Release|x64.Build.0 = Release|Any CPU
		{B51B6236-C279-42C0-B7CE-234F6D5690BD}.Release|x86.ActiveCfg = Release|Any CPU
		{B51B6236-C279-42C0-B7CE-234F6D5690BD}.Release|x86.Build.0 = Release|Any CPU
	EndGlobalSection
	GlobalSection(SolutionProperties) = preSolution
		HideSolutionNode = FALSE
	EndGlobalSection
	GlobalSection(NestedProjects) = preSolution
		{B51B6236-C279-42C0-B7CE-234F6D5690BD} = {262E4648-178C-4184-A629-47B09F3C426D}
	EndGlobalSection
	GlobalSection(ExtensibilityGlobals) = postSolution
		SolutionGuid = {EE6C6335-BC22-4B5E-89DB-377E431A14DB}
	EndGlobalSection
EndGlobal
